
Microsoft Visual Studio Solution File, Format Version 12.00
# Visual Studio Version 16
VisualStudioVersion = 16.0.29519.181
MinimumVisualStudioVersion = 10.0.40219.1
Project("{FAE04EC0-301F-11D3-BF4B-00C04F79EFBC}") = "RabbitMQ.Publisher", "RabbitMQ.Publisher\RabbitMQ.Publisher.csproj", "{499F27F5-9D54-4570-AFD0-9AC944D63241}"
EndProject
Project("{FAE04EC0-301F-11D3-BF4B-00C04F79EFBC}") = "RabbitMQ.Consumer", "RabbitMQ.Consumer\RabbitMQ.Consumer.csproj", "{F62AD409-4081-47D5-8062-8E8AE685290D}"
EndProject
Global
	GlobalSection(SolutionConfigurationPlatforms) = preSolution
		Debug|Any CPU = Debug|Any CPU
		Release|Any CPU = Release|Any CPU
	EndGlobalSection
	GlobalSection(ProjectConfigurationPlatforms) = postSolution
		{499F27F5-9D54-4570-AFD0-9AC944D63241}.Debug|Any CPU.ActiveCfg = Debug|Any CPU
		{499F27F5-9D54-4570-AFD0-9AC944D63241}.Debug|Any CPU.Build.0 = Debug|Any CPU
		{499F27F5-9D54-4570-AFD0-9AC944D63241}.Release|Any CPU.ActiveCfg = Release|Any CPU
		{499F27F5-9D54-4570-AFD0-9AC944D63241}.Release|Any CPU.Build.0 = Release|Any CPU
		{F62AD409-4081-47D5-8062-8E8AE685290D}.Debug|Any CPU.ActiveCfg = Debug|Any CPU
		{F62AD409-4081-47D5-8062-8E8AE685290D}.Debug|Any CPU.Build.0 = Debug|Any CPU
		{F62AD409-4081-47D5-8062-8E8AE685290D}.Release|Any CPU.ActiveCfg = Release|Any CPU
		{F62AD409-4081-47D5-8062-8E8AE685290D}.Release|Any CPU.Build.0 = Release|Any CPU
	EndGlobalSection
	GlobalSection(SolutionProperties) = preSolution
		HideSolutionNode = FALSE
	EndGlobalSection
	GlobalSection(ExtensibilityGlobals) = postSolution
		SolutionGuid = {18588F51-C549-41BA-8832-D5C1C260DA99}
	EndGlobalSection
EndGlobal
